
Microsoft Visual Studio Solution File, Format Version 12.00
# Visual Studio Version 17
VisualStudioVersion = 17.0.31903.59
MinimumVisualStudioVersion = 10.0.40219.1
Project("{FAE04EC0-301F-11D3-BF4B-00C04F79EFBC}") = "Sanduiche", "Sanduiche\Sanduiche.csproj", "{729080E4-AE0E-4C9A-97E6-9157AC9E3D01}"
EndProject
Project("{FAE04EC0-301F-11D3-BF4B-00C04F79EFBC}") = "Sanduiche.Test", "Sanduiche.Test\Sanduiche.Test.csproj", "{6DF086FA-637B-4F1F-9755-03FB095525E6}"
EndProject
Global
	GlobalSection(SolutionConfigurationPlatforms) = preSolution
		Debug|Any CPU = Debug|Any CPU
		Release|Any CPU = Release|Any CPU
	EndGlobalSection
	GlobalSection(SolutionProperties) = preSolution
		HideSolutionNode = FALSE
	EndGlobalSection
	GlobalSection(ProjectConfigurationPlatforms) = postSolution
		{729080E4-AE0E-4C9A-97E6-9157AC9E3D01}.Debug|Any CPU.ActiveCfg = Debug|Any CPU
		{729080E4-AE0E-4C9A-97E6-9157AC9E3D01}.Debug|Any CPU.Build.0 = Debug|Any CPU
		{729080E4-AE0E-4C9A-97E6-9157AC9E3D01}.Release|Any CPU.ActiveCfg = Release|Any CPU
		{729080E4-AE0E-4C9A-97E6-9157AC9E3D01}.Release|Any CPU.Build.0 = Release|Any CPU
		{6DF086FA-637B-4F1F-9755-03FB095525E6}.Debug|Any CPU.ActiveCfg = Debug|Any CPU
		{6DF086FA-637B-4F1F-9755-03FB095525E6}.Debug|Any CPU.Build.0 = Debug|Any CPU
		{6DF086FA-637B-4F1F-9755-03FB095525E6}.Release|Any CPU.ActiveCfg = Release|Any CPU
		{6DF086FA-637B-4F1F-9755-03FB095525E6}.Release|Any CPU.Build.0 = Release|Any CPU
	EndGlobalSection
EndGlobal
